<Solution>
  <Folder Name="/Solution Items/">
    <File Path=".gitignore" />
  </Folder>
  <Project Path="DotNet Assignment.Tests/DotNet Assignment.Tests.csproj" Id="5f883372-e068-44eb-95b0-98a09e2f73a7" />
  <Project Path="DotNet Assignment/DotNet Assignment.csproj" Id="f06db0f2-e7d1-49a0-962e-b3eb8bd9b66a" />
</Solution>
